
Microsoft Visual Studio Solution File, Format Version 12.00
# Visual Studio Version 16
VisualStudioVersion = 16.0.30621.155
MinimumVisualStudioVersion = 10.0.40219.1
Project("{FAE04EC0-301F-11D3-BF4B-00C04F79EFBC}") = "LightSharp", "LightSharp\LightSharp.csproj", "{2F77F2AC-2B5E-4405-8BF3-834EF75B4167}"
EndProject
Global
	GlobalSection(SolutionConfigurationPlatforms) = preSolution
		Debug|Any CPU = Debug|Any CPU
		Release|Any CPU = Release|Any CPU
	EndGlobalSection
	GlobalSection(ProjectConfigurationPlatforms) = postSolution
		{2F77F2AC-2B5E-4405-8BF3-834EF75B4167}.Debug|Any CPU.ActiveCfg = Release|Any CPU
		{2F77F2AC-2B5E-4405-8BF3-834EF75B4167}.Debug|Any CPU.Build.0 = Release|Any CPU
		{2F77F2AC-2B5E-4405-8BF3-834EF75B4167}.Release|Any CPU.ActiveCfg = Release|Any CPU
		{2F77F2AC-2B5E-4405-8BF3-834EF75B4167}.Release|Any CPU.Build.0 = Release|Any CPU
	EndGlobalSection
	GlobalSection(SolutionProperties) = preSolution
		HideSolutionNode = FALSE
	EndGlobalSection
	GlobalSection(ExtensibilityGlobals) = postSolution
		SolutionGuid = {B2B94DAB-FBD1-47C6-9A5D-3D1FA590BBE5}
	EndGlobalSection
EndGlobal
